// !$*UTF8*$!
{
	archiveVersion = 1;
	classes = {
	};
	objectVersion = 55;
	objects = {

/* Begin PBXBuildFile section */
		A77E2E27283666BD0047EAA4 /* Color- Theme.swift in Sources */ = {isa = PBXBuildFile; fileRef = A77E2E26283666BD0047EAA4 /* Color- Theme.swift */; };
		A77E2E2928387D380047EAA4 /* MissionView.swift in Sources */ = {isa = PBXBuildFile; fileRef = A77E2E2828387D380047EAA4 /* MissionView.swift */; };
		A77E2E2B28389D240047EAA4 /* AstronautView.swift in Sources */ = {isa = PBXBuildFile; fileRef = A77E2E2A28389D240047EAA4 /* AstronautView.swift */; };
		A7C9DB2B283521350055A486 /* MoonShotApp.swift in Sources */ = {isa = PBXBuildFile; fileRef = A7C9DB2A283521350055A486 /* MoonShotApp.swift */; };
		A7C9DB2D283521350055A486 /* ContentView.swift in Sources */ = {isa = PBXBuildFile; fileRef = A7C9DB2C283521350055A486 /* ContentView.swift */; };
		A7C9DB2F283521360055A486 /* Assets.xcassets in Resources */ = {isa = PBXBuildFile; fileRef = A7C9DB2E283521360055A486 /* Assets.xcassets */; };
		A7C9DB32283521360055A486 /* Preview Assets.xcassets in Resources */ = {isa = PBXBuildFile; fileRef = A7C9DB31283521360055A486 /* Preview Assets.xcassets */; };
		A7C9DB39283521690055A486 /* astronauts.json in Resources */ = {isa = PBXBuildFile; fileRef = A7C9DB38283521690055A486 /* astronauts.json */; };
		A7C9DB3D283522D10055A486 /* Astronaut.swift in Sources */ = {isa = PBXBuildFile; fileRef = A7C9DB3C283522D10055A486 /* Astronaut.swift */; };
		A7C9DB3F283523850055A486 /* Bundle-Decodable.swift in Sources */ = {isa = PBXBuildFile; fileRef = A7C9DB3E283523850055A486 /* Bundle-Decodable.swift */; };
		A7C9DB412835D68D0055A486 /* Mission.swift in Sources */ = {isa = PBXBuildFile; fileRef = A7C9DB402835D68D0055A486 /* Mission.swift */; };
		A7DDD07A283C853000C5BD86 /* GridLayout.swift in Sources */ = {isa = PBXBuildFile; fileRef = A7DDD079283C853000C5BD86 /* GridLayout.swift */; };
		A7DDD07C283C85A400C5BD86 /* ListLayout.swift in Sources */ = {isa = PBXBuildFile; fileRef = A7DDD07B283C85A400C5BD86 /* ListLayout.swift */; };
		A7DDD098283DCD8000C5BD86 /* missions.json in Resources */ = {isa = PBXBuildFile; fileRef = A7DDD097283DCD8000C5BD86 /* missions.json */; };
/* End PBXBuildFile section */

/* Begin PBXFileReference section */
		A77E2E26283666BD0047EAA4 /* Color- Theme.swift */ = {isa = PBXFileReference; lastKnownFileType = sourcecode.swift; path = "Color- Theme.swift"; sourceTree = "<group>"; };
		A77E2E2828387D380047EAA4 /* MissionView.swift */ = {isa = PBXFileReference; lastKnownFileType = sourcecode.swift; path = MissionView.swift; sourceTree = "<group>"; };
		A77E2E2A28389D240047EAA4 /* AstronautView.swift */ = {isa = PBXFileReference; lastKnownFileType = sourcecode.swift; path = AstronautView.swift; sourceTree = "<group>"; };
		A7C9DB27283521350055A486 /* MoonShot.app */ = {isa = PBXFileReference; explicitFileType = wrapper.application; includeInIndex = 0; path = MoonShot.app; sourceTree = BUILT_PRODUCTS_DIR; };
		A7C9DB2A283521350055A486 /* MoonShotApp.swift */ = {isa = PBXFileReference; lastKnownFileType = sourcecode.swift; path = MoonShotApp.swift; sourceTree = "<group>"; };
		A7C9DB2C283521350055A486 /* ContentView.swift */ = {isa = PBXFileReference; lastKnownFileType = sourcecode.swift; path = ContentView.swift; sourceTree = "<group>"; };
		A7C9DB2E283521360055A486 /* Assets.xcassets */ = {isa = PBXFileReference; lastKnownFileType = folder.assetcatalog; path = Assets.xcassets; sourceTree = "<group>"; };
		A7C9DB31283521360055A486 /* Preview Assets.xcassets */ = {isa = PBXFileReference; lastKnownFileType = folder.assetcatalog; path = "Preview Assets.xcassets"; sourceTree = "<group>"; };
		A7C9DB38283521690055A486 /* astronauts.json */ = {isa = PBXFileReference; fileEncoding = 4; lastKnownFileType = text.json; path = astronauts.json; sourceTree = "<group>"; };
		A7C9DB3C283522D10055A486 /* Astronaut.swift */ = {isa = PBXFileReference; lastKnownFileType = sourcecode.swift; path = Astronaut.swift; sourceTree = "<group>"; };
		A7C9DB3E283523850055A486 /* Bundle-Decodable.swift */ = {isa = PBXFileReference; lastKnownFileType = sourcecode.swift; path = "Bundle-Decodable.swift"; sourceTree = "<group>"; };
		A7C9DB402835D68D0055A486 /* Mission.swift */ = {isa = PBXFileReference; lastKnownFileType = sourcecode.swift; path = Mission.swift; sourceTree = "<group>"; };
		A7DDD079283C853000C5BD86 /* GridLayout.swift */ = {isa = PBXFileReference; lastKnownFileType = sourcecode.swift; path = GridLayout.swift; sourceTree = "<group>"; };
		A7DDD07B283C85A400C5BD86 /* ListLayout.swift */ = {isa = PBXFileReference; lastKnownFileType = sourcecode.swift; path = ListLayout.swift; sourceTree = "<group>"; };
		A7DDD097283DCD8000C5BD86 /* missions.json */ = {isa = PBXFileReference; fileEncoding = 4; lastKnownFileType = text.json; path = missions.json; sourceTree = "<group>"; };
/* End PBXFileReference section */

/* Begin PBXFrameworksBuildPhase section */
		A7C9DB24283521350055A486 /* Frameworks */ = {
			isa = PBXFrameworksBuildPhase;
			buildActionMask = 2147483647;
			files = (
			);
			runOnlyForDeploymentPostprocessing = 0;
		};
/* End PBXFrameworksBuildPhase section */

/* Begin PBXGroup section */
		A7C9DB1E283521350055A486 = {
			isa = PBXGroup;
			children = (
				A7C9DB29283521350055A486 /* MoonShot */,
				A7C9DB28283521350055A486 /* Products */,
			);
			sourceTree = "<group>";
		};
		A7C9DB28283521350055A486 /* Products */ = {
			isa = PBXGroup;
			children = (
				A7C9DB27283521350055A486 /* MoonShot.app */,
			);
			name = Products;
			sourceTree = "<group>";
		};
		A7C9DB29283521350055A486 /* MoonShot */ = {
			isa = PBXGroup;
			children = (
				A7C9DB2A283521350055A486 /* MoonShotApp.swift */,
				A7C9DB2C283521350055A486 /* ContentView.swift */,
				A7DDD079283C853000C5BD86 /* GridLayout.swift */,
				A7DDD07B283C85A400C5BD86 /* ListLayout.swift */,
				A77E2E2828387D380047EAA4 /* MissionView.swift */,
				A77E2E2A28389D240047EAA4 /* AstronautView.swift */,
				A77E2E26283666BD0047EAA4 /* Color- Theme.swift */,
				A7C9DB3C283522D10055A486 /* Astronaut.swift */,
				A7C9DB402835D68D0055A486 /* Mission.swift */,
				A7C9DB3E283523850055A486 /* Bundle-Decodable.swift */,
				A7C9DB38283521690055A486 /* astronauts.json */,
				A7DDD097283DCD8000C5BD86 /* missions.json */,
				A7C9DB2E283521360055A486 /* Assets.xcassets */,
				A7C9DB30283521360055A486 /* Preview Content */,
			);
			path = MoonShot;
			sourceTree = "<group>";
		};
		A7C9DB30283521360055A486 /* Preview Content */ = {
			isa = PBXGroup;
			children = (
				A7C9DB31283521360055A486 /* Preview Assets.xcassets */,
			);
			path = "Preview Content";
			sourceTree = "<group>";
		};
/* End PBXGroup section */

/* Begin PBXNativeTarget section */
		A7C9DB26283521350055A486 /* MoonShot */ = {
			isa = PBXNativeTarget;
			buildConfigurationList = A7C9DB35283521360055A486 /* Build configuration list for PBXNativeTarget "MoonShot" */;
			buildPhases = (
				A7C9DB23283521350055A486 /* Sources */,
				A7C9DB24283521350055A486 /* Frameworks */,
				A7C9DB25283521350055A486 /* Resources */,
			);
			buildRules = (
			);
			dependencies = (
			);
			name = MoonShot;
			productName = MoonShot;
			productReference = A7C9DB27283521350055A486 /* MoonShot.app */;
			productType = "com.apple.product-type.application";
		};
/* End PBXNativeTarget section */

/* Begin PBXProject section */
		A7C9DB1F283521350055A486 /* Project object */ = {
			isa = PBXProject;
			attributes = {
				BuildIndependentTargetsInParallel = 1;
				LastSwiftUpdateCheck = 1330;
				LastUpgradeCheck = 1330;
				TargetAttributes = {
					A7C9DB26283521350055A486 = {
						CreatedOnToolsVersion = 13.3.1;
					};
				};
			};
			buildConfigurationList = A7C9DB22283521350055A486 /* Build configuration list for PBXProject "MoonShot" */;
			compatibilityVersion = "Xcode 13.0";
			developmentRegion = en;
			hasScannedForEncodings = 0;
			knownRegions = (
				en,
				Base,
			);
			mainGroup = A7C9DB1E283521350055A486;
			productRefGroup = A7C9DB28283521350055A486 /* Products */;
			projectDirPath = "";
			projectRoot = "";
			targets = (
				A7C9DB26283521350055A486 /* MoonShot */,
			);
		};
/* End PBXProject section */

/* Begin PBXResourcesBuildPhase section */
		A7C9DB25283521350055A486 /* Resources */ = {
			isa = PBXResourcesBuildPhase;
			buildActionMask = 2147483647;
			files = (
				A7C9DB39283521690055A486 /* astronauts.json in Resources */,
				A7DDD098283DCD8000C5BD86 /* missions.json in Resources */,
				A7C9DB32283521360055A486 /* Preview Assets.xcassets in Resources */,
				A7C9DB2F283521360055A486 /* Assets.xcassets in Resources */,
			);
			runOnlyForDeploymentPostprocessing = 0;
		};
/* End PBXResourcesBuildPhase section */

/* Begin PBXSourcesBuildPhase section */
		A7C9DB23283521350055A486 /* Sources */ = {
			isa = PBXSourcesBuildPhase;
			buildActionMask = 2147483647;
			files = (
				A77E2E2928387D380047EAA4 /* MissionView.swift in Sources */,
				A7C9DB3D283522D10055A486 /* Astronaut.swift in Sources */,
				A77E2E2B28389D240047EAA4 /* AstronautView.swift in Sources */,
				A7DDD07C283C85A400C5BD86 /* ListLayout.swift in Sources */,
				A7C9DB2D283521350055A486 /* ContentView.swift in Sources */,
				A77E2E27283666BD0047EAA4 /* Color- Theme.swift in Sources */,
				A7C9DB2B283521350055A486 /* MoonShotApp.swift in Sources */,
				A7DDD07A283C853000C5BD86 /* GridLayout.swift in Sources */,
				A7C9DB412835D68D0055A486 /* Mission.swift in Sources */,
				A7C9DB3F283523850055A486 /* Bundle-Decodable.swift in Sources */,
			);
			runOnlyForDeploymentPostprocessing = 0;
		};
/* End PBXSourcesBuildPhase section */

/* Begin XCBuildConfiguration section */
		A7C9DB33283521360055A486 /* Debug */ = {
			isa = XCBuildConfiguration;
			buildSettings = {
				ALWAYS_SEARCH_USER_PATHS = NO;
				CLANG_ANALYZER_NONNULL = YES;
				CLANG_ANALYZER_NUMBER_OBJECT_CONVERSION = YES_AGGRESSIVE;
				CLANG_CXX_LANGUAGE_STANDARD = "gnu++17";
				CLANG_ENABLE_MODULES = YES;
				CLANG_ENABLE_OBJC_ARC = YES;
				CLANG_ENABLE_OBJC_WEAK = YES;
				CLANG_WARN_BLOCK_CAPTURE_AUTORELEASING = YES;
				CLANG_WARN_BOOL_CONVERSION = YES;
				CLANG_WARN_COMMA = YES;
				CLANG_WARN_CONSTANT_CONVERSION = YES;
				CLANG_WARN_DEPRECATED_OBJC_IMPLEMENTATIONS = YES;
				CLANG_WARN_DIRECT_OBJC_ISA_USAGE = YES_ERROR;
				CLANG_WARN_DOCUMENTATION_COMMENTS = YES;
				CLANG_WARN_EMPTY_BODY = YES;
				CLANG_WARN_ENUM_CONVERSION = YES;
				CLANG_WARN_INFINITE_RECURSION = YES;
				CLANG_WARN_INT_CONVERSION = YES;
				CLANG_WARN_NON_LITERAL_NULL_CONVERSION = YES;
				CLANG_WARN_OBJC_IMPLICIT_RETAIN_SELF = YES;
				CLANG_WARN_OBJC_LITERAL_CONVERSION = YES;
				CLANG_WARN_OBJC_ROOT_CLASS = YES_ERROR;
				CLANG_WARN_QUOTED_INCLUDE_IN_FRAMEWORK_HEADER = YES;
				CLANG_WARN_RANGE_LOOP_ANALYSIS = YES;
				CLANG_WARN_STRICT_PROTOTYPES = YES;
				CLANG_WARN_SUSPICIOUS_MOVE = YES;
				CLANG_WARN_UNGUARDED_AVAILABILITY = YES_AGGRESSIVE;
				CLANG_WARN_UNREACHABLE_CODE = YES;
				CLANG_WARN__DUPLICATE_METHOD_MATCH = YES;
				COPY_PHASE_STRIP = NO;
				DEBUG_INFORMATION_FORMAT = dwarf;
				ENABLE_STRICT_OBJC_MSGSEND = YES;
				ENABLE_TESTABILITY = YES;
				GCC_C_LANGUAGE_STANDARD = gnu11;
				GCC_DYNAMIC_NO_PIC = NO;
				GCC_NO_COMMON_BLOCKS = YES;
				GCC_OPTIMIZATION_LEVEL = 0;
				GCC_PREPROCESSOR_DEFINITIONS = (
					"DEBUG=1",
					"$(inherited)",
				);
				GCC_WARN_64_TO_32_BIT_CONVERSION = YES;
				GCC_WARN_ABOUT_RETURN_TYPE = YES_ERROR;
				GCC_WARN_UNDECLARED_SELECTOR = YES;
				GCC_WARN_UNINITIALIZED_AUTOS = YES_AGGRESSIVE;
				GCC_WARN_UNUSED_FUNCTION = YES;
				GCC_WARN_UNUSED_VARIABLE = YES;
				IPHONEOS_DEPLOYMENT_TARGET = 15.4;
				MTL_ENABLE_DEBUG_INFO = INCLUDE_SOURCE;
				MTL_FAST_MATH = YES;
				ONLY_ACTIVE_ARCH = YES;
				SDKROOT = iphoneos;
				SWIFT_ACTIVE_COMPILATION_CONDITIONS = DEBUG;
				SWIFT_OPTIMIZATION_LEVEL = "-Onone";
			};
			name = Debug;
		};
		A7C9DB34283521360055A486 /* Release */ = {
			isa = XCBuildConfiguration;
			buildSettings = {
				ALWAYS_SEARCH_USER_PATHS = NO;
				CLANG_ANALYZER_NONNULL = YES;
				CLANG_ANALYZER_NUMBER_OBJECT_CONVERSION = YES_AGGRESSIVE;
				CLANG_CXX_LANGUAGE_STANDARD = "gnu++17";
				CLANG_ENABLE_MODULES = YES;
				CLANG_ENABLE_OBJC_ARC = YES;
				CLANG_ENABLE_OBJC_WEAK = YES;
				CLANG_WARN_BLOCK_CAPTURE_AUTORELEASING = YES;
				CLANG_WARN_BOOL_CONVERSION = YES;
				CLANG_WARN_COMMA = YES;
				CLANG_WARN_CONSTANT_CONVERSION = YES;
				CLANG_WARN_DEPRECATED_OBJC_IMPLEMENTATIONS = YES;
				CLANG_WARN_DIRECT_OBJC_ISA_USAGE = YES_ERROR;
				CLANG_WARN_DOCUMENTATION_COMMENTS = YES;
				CLANG_WARN_EMPTY_BODY = YES;
				CLANG_WARN_ENUM_CONVERSION = YES;
				CLANG_WARN_INFINITE_RECURSION = YES;
				CLANG_WARN_INT_CONVERSION = YES;
				CLANG_WARN_NON_LITERAL_NULL_CONVERSION = YES;
				CLANG_WARN_OBJC_IMPLICIT_RETAIN_SELF = YES;
				CLANG_WARN_OBJC_LITERAL_CONVERSION = YES;
				CLANG_WARN_OBJC_ROOT_CLASS = YES_ERROR;
				CLANG_WARN_QUOTED_INCLUDE_IN_FRAMEWORK_HEADER = YES;
				CLANG_WARN_RANGE_LOOP_ANALYSIS = YES;
				CLANG_WARN_STRICT_PROTOTYPES = YES;
				CLANG_WARN_SUSPICIOUS_MOVE = YES;
				CLANG_WARN_UNGUARDED_AVAILABILITY = YES_AGGRESSIVE;
				CLANG_WARN_UNREACHABLE_CODE = YES;
				CLANG_WARN__DUPLICATE_METHOD_MATCH = YES;
				COPY_PHASE_STRIP = NO;
				DEBUG_INFORMATION_FORMAT = "dwarf-with-dsym";
				ENABLE_NS_ASSERTIONS = NO;
				ENABLE_STRICT_OBJC_MSGSEND = YES;
				GCC_C_LANGUAGE_STANDARD = gnu11;
				GCC_NO_COMMON_BLOCKS = YES;
				GCC_WARN_64_TO_32_BIT_CONVERSION = YES;
				GCC_WARN_ABOUT_RETURN_TYPE = YES_ERROR;
				GCC_WARN_UNDECLARED_SELECTOR = YES;
				GCC_WARN_UNINITIALIZED_AUTOS = YES_AGGRESSIVE;
				GCC_WARN_UNUSED_FUNCTION = YES;
				GCC_WARN_UNUSED_VARIABLE = YES;
				IPHONEOS_DEPLOYMENT_TARGET = 15.4;
				MTL_ENABLE_DEBUG_INFO = NO;
				MTL_FAST_MATH = YES;
				SDKROOT = iphoneos;
				SWIFT_COMPILATION_MODE = wholemodule;
				SWIFT_OPTIMIZATION_LEVEL = "-O";
				VALIDATE_PRODUCT = YES;
			};
			name = Release;
		};
		A7C9DB36283521360055A486 /* Debug */ = {
			isa = XCBuildConfiguration;
			buildSettings = {
				ASSETCATALOG_COMPILER_APPICON_NAME = AppIcon;
				ASSETCATALOG_COMPILER_GLOBAL_ACCENT_COLOR_NAME = AccentColor;
				CODE_SIGN_STYLE = Automatic;
				CURRENT_PROJECT_VERSION = 1;
				DEVELOPMENT_ASSET_PATHS = "\"MoonShot/Preview Content\"";
				DEVELOPMENT_TEAM = D482NR2DQG;
				ENABLE_PREVIEWS = YES;
				GENERATE_INFOPLIST_FILE = YES;
				INFOPLIST_KEY_UIApplicationSceneManifest_Generation = YES;
				INFOPLIST_KEY_UIApplicationSupportsIndirectInputEvents = YES;
				INFOPLIST_KEY_UILaunchScreen_Generation = YES;
				INFOPLIST_KEY_UISupportedInterfaceOrientations_iPad = "UIInterfaceOrientationPortrait UIInterfaceOrientationPortraitUpsideDown UIInterfaceOrientationLandscapeLeft UIInterfaceOrientationLandscapeRight";
				INFOPLIST_KEY_UISupportedInterfaceOrientations_iPhone = "UIInterfaceOrientationPortrait UIInterfaceOrientationLandscapeLeft UIInterfaceOrientationLandscapeRight";
				LD_RUNPATH_SEARCH_PATHS = (
					"$(inherited)",
					"@executable_path/Frameworks",
				);
				MARKETING_VERSION = 1.0;
				PRODUCT_BUNDLE_IDENTIFIER = PonyoShui.MoonShot;
				PRODUCT_NAME = "$(TARGET_NAME)";
				SWIFT_EMIT_LOC_STRINGS = YES;
				SWIFT_VERSION = 5.0;
				TARGETED_DEVICE_FAMILY = "1,2";
			};
			name = Debug;
		};
		A7C9DB37283521360055A486 /* Release */ = {
			isa = XCBuildConfiguration;
			buildSettings = {
				ASSETCATALOG_COMPILER_APPICON_NAME = AppIcon;
				ASSETCATALOG_COMPILER_GLOBAL_ACCENT_COLOR_NAME = AccentColor;
				CODE_SIGN_STYLE = Automatic;
				CURRENT_PROJECT_VERSION = 1;
				DEVELOPMENT_ASSET_PATHS = "\"MoonShot/Preview Content\"";
				DEVELOPMENT_TEAM = D482NR2DQG;
				ENABLE_PREVIEWS = YES;
				GENERATE_INFOPLIST_FILE = YES;
				INFOPLIST_KEY_UIApplicationSceneManifest_Generation = YES;
				INFOPLIST_KEY_UIApplicationSupportsIndirectInputEvents = YES;
				INFOPLIST_KEY_UILaunchScreen_Generation = YES;
				INFOPLIST_KEY_UISupportedInterfaceOrientations_iPad = "UIInterfaceOrientationPortrait UIInterfaceOrientationPortraitUpsideDown UIInterfaceOrientationLandscapeLeft UIInterfaceOrientationLandscapeRight";
				INFOPLIST_KEY_UISupportedInterfaceOrientations_iPhone = "UIInterfaceOrientationPortrait UIInterfaceOrientationLandscapeLeft UIInterfaceOrientationLandscapeRight";
				LD_RUNPATH_SEARCH_PATHS = (
					"$(inherited)",
					"@executable_path/Frameworks",
				);
				MARKETING_VERSION = 1.0;
				PRODUCT_BUNDLE_IDENTIFIER = PonyoShui.MoonShot;
				PRODUCT_NAME = "$(TARGET_NAME)";
				SWIFT_EMIT_LOC_STRINGS = YES;
				SWIFT_VERSION = 5.0;
				TARGETED_DEVICE_FAMILY = "1,2";
			};
			name = Release;
		};
/* End XCBuildConfiguration section */

/* Begin XCConfigurationList section */
		A7C9DB22283521350055A486 /* Build configuration list for PBXProject "MoonShot" */ = {
			isa = XCConfigurationList;
			buildConfigurations = (
				A7C9DB33283521360055A486 /* Debug */,
				A7C9DB34283521360055A486 /* Release */,
			);
			defaultConfigurationIsVisible = 0;
			defaultConfigurationName = Release;
		};
		A7C9DB35283521360055A486 /* Build configuration list for PBXNativeTarget "MoonShot" */ = {
			isa = XCConfigurationList;
			buildConfigurations = (
				A7C9DB36283521360055A486 /* Debug */,
				A7C9DB37283521360055A486 /* Release */,
			);
			defaultConfigurationIsVisible = 0;
			defaultConfigurationName = Release;
		};
/* End XCConfigurationList section */
	};
	rootObject = A7C9DB1F283521350055A486 /* Project object */;
}
